
Microsoft Visual Studio Solution File, Format Version 12.00
# Visual Studio Version 16
VisualStudioVersion = 16.0.33214.272
MinimumVisualStudioVersion = 10.0.40219.1
Project("{FAE04EC0-301F-11D3-BF4B-00C04F79EFBC}") = "Tamagocchi", "Tamagocchi.csproj", "{E2416A69-BA2C-42D7-8CF0-5ED0C8BF9C6A}"
EndProject
Global
	GlobalSection(SolutionConfigurationPlatforms) = preSolution
		Debug|Any CPU = Debug|Any CPU
		Release|Any CPU = Release|Any CPU
	EndGlobalSection
	GlobalSection(ProjectConfigurationPlatforms) = postSolution
		{E2416A69-BA2C-42D7-8CF0-5ED0C8BF9C6A}.Debug|Any CPU.ActiveCfg = Debug|Any CPU
		{E2416A69-BA2C-42D7-8CF0-5ED0C8BF9C6A}.Debug|Any CPU.Build.0 = Debug|Any CPU
		{E2416A69-BA2C-42D7-8CF0-5ED0C8BF9C6A}.Release|Any CPU.ActiveCfg = Release|Any CPU
		{E2416A69-BA2C-42D7-8CF0-5ED0C8BF9C6A}.Release|Any CPU.Build.0 = Release|Any CPU
	EndGlobalSection
	GlobalSection(SolutionProperties) = preSolution
		HideSolutionNode = FALSE
	EndGlobalSection
	GlobalSection(ExtensibilityGlobals) = postSolution
		SolutionGuid = {0CD1AE29-4C6E-47EB-A48F-D9475594065B}
	EndGlobalSection
EndGlobal
